
Microsoft Visual Studio Solution File, Format Version 12.00
# Visual Studio Version 17
VisualStudioVersion = 17.7.34024.191
MinimumVisualStudioVersion = 10.0.40219.1
Project("{9A19103F-16F7-4668-BE54-9A1E7A4F7556}") = "ZavrsniTestDjordjeVojcanin", "ZavrsniTestDjordjeVojcanin\ZavrsniTestDjordjeVojcanin.csproj", "{1B072695-AEF4-442C-A5B2-D583B056C4B4}"
EndProject
Project("{FAE04EC0-301F-11D3-BF4B-00C04F79EFBC}") = "Testovi", "Testovi\Testovi.csproj", "{B03FD6D4-B23D-4CAE-A461-883A58F6899F}"
EndProject
Global
	GlobalSection(SolutionConfigurationPlatforms) = preSolution
		Debug|Any CPU = Debug|Any CPU
		Release|Any CPU = Release|Any CPU
	EndGlobalSection
	GlobalSection(ProjectConfigurationPlatforms) = postSolution
		{1B072695-AEF4-442C-A5B2-D583B056C4B4}.Debug|Any CPU.ActiveCfg = Debug|Any CPU
		{1B072695-AEF4-442C-A5B2-D583B056C4B4}.Debug|Any CPU.Build.0 = Debug|Any CPU
		{1B072695-AEF4-442C-A5B2-D583B056C4B4}.Release|Any CPU.ActiveCfg = Release|Any CPU
		{1B072695-AEF4-442C-A5B2-D583B056C4B4}.Release|Any CPU.Build.0 = Release|Any CPU
		{B03FD6D4-B23D-4CAE-A461-883A58F6899F}.Debug|Any CPU.ActiveCfg = Debug|Any CPU
		{B03FD6D4-B23D-4CAE-A461-883A58F6899F}.Debug|Any CPU.Build.0 = Debug|Any CPU
		{B03FD6D4-B23D-4CAE-A461-883A58F6899F}.Release|Any CPU.ActiveCfg = Release|Any CPU
		{B03FD6D4-B23D-4CAE-A461-883A58F6899F}.Release|Any CPU.Build.0 = Release|Any CPU
	EndGlobalSection
	GlobalSection(SolutionProperties) = preSolution
		HideSolutionNode = FALSE
	EndGlobalSection
	GlobalSection(ExtensibilityGlobals) = postSolution
		SolutionGuid = {DA688F89-878B-4395-91B3-31DB10FEB4E1}
	EndGlobalSection
EndGlobal
